// !$*UTF8*$!
{
	archiveVersion = 1;
	classes = {
	};
	objectVersion = 46;
	objects = {

/* Begin PBXBuildFile section */
		6E4DE1E114FBA7DA00C6D18B /* SearchResultsSummaryItem.m in Sources */ = {isa = PBXBuildFile; fileRef = 6E4DE1E014FBA7DA00C6D18B /* SearchResultsSummaryItem.m */; };
		6E4DE1E514FBAA9700C6D18B /* SearchResultsSummaryDataController.m in Sources */ = {isa = PBXBuildFile; fileRef = 6E4DE1E414FBAA9700C6D18B /* SearchResultsSummaryDataController.m */; };
		6E6AF408150A6EF800F59431 /* 104-index-cards.png in Resources */ = {isa = PBXBuildFile; fileRef = 6E6AF407150A6EF800F59431 /* 104-index-cards.png */; };
		6E6AF40A150A70B300F59431 /* 02-redo.png in Resources */ = {isa = PBXBuildFile; fileRef = 6E6AF409150A70B300F59431 /* 02-redo.png */; };
		6E6AF40C150A70BE00F59431 /* 33-cabinet.png in Resources */ = {isa = PBXBuildFile; fileRef = 6E6AF40B150A70BE00F59431 /* 33-cabinet.png */; };
		6E6C492C150F948F0010FAC2 /* searchbg.png in Resources */ = {isa = PBXBuildFile; fileRef = 6E6C492B150F948F0010FAC2 /* searchbg.png */; };
		6E7510A5150AA5DA009312A5 /* 593US58.jpg in Resources */ = {isa = PBXBuildFile; fileRef = 6E7510A4150AA5DA009312A5 /* 593US58.jpg */; };
		6E7510A7150AA5ED009312A5 /* product_detail.jpg in Resources */ = {isa = PBXBuildFile; fileRef = 6E7510A6150AA5ED009312A5 /* product_detail.jpg */; };
		6E7510A9150AA684009312A5 /* BOSB2200BK11.jpg in Resources */ = {isa = PBXBuildFile; fileRef = 6E7510A8150AA684009312A5 /* BOSB2200BK11.jpg */; };
		6EC3EFE015046171007B383A /* DetailViewController.m in Sources */ = {isa = PBXBuildFile; fileRef = 6EC3EFDF15046171007B383A /* DetailViewController.m */; };
		6EC3EFE41504EAB6007B383A /* VendorForItem.m in Sources */ = {isa = PBXBuildFile; fileRef = 6EC3EFE31504EAB6007B383A /* VendorForItem.m */; };
		6EC3EFE715050788007B383A /* ItemDetails.m in Sources */ = {isa = PBXBuildFile; fileRef = 6EC3EFE615050788007B383A /* ItemDetails.m */; };
		6EC3EFEA15063655007B383A /* ItemDetailsDataController.m in Sources */ = {isa = PBXBuildFile; fileRef = 6EC3EFE915063654007B383A /* ItemDetailsDataController.m */; };
		6EC3EFEC1506471F007B383A /* ProductDetail.xml in Resources */ = {isa = PBXBuildFile; fileRef = 6EC3EFEB1506471F007B383A /* ProductDetail.xml */; };
		6ECEF8C614EC92CB0052A71E /* UIKit.framework in Frameworks */ = {isa = PBXBuildFile; fileRef = 6ECEF8C514EC92CB0052A71E /* UIKit.framework */; };
		6ECEF8C814EC92CB0052A71E /* Foundation.framework in Frameworks */ = {isa = PBXBuildFile; fileRef = 6ECEF8C714EC92CB0052A71E /* Foundation.framework */; };
		6ECEF8CA14EC92CB0052A71E /* CoreGraphics.framework in Frameworks */ = {isa = PBXBuildFile; fileRef = 6ECEF8C914EC92CB0052A71E /* CoreGraphics.framework */; };
		6ECEF8D014EC92CB0052A71E /* InfoPlist.strings in Resources */ = {isa = PBXBuildFile; fileRef = 6ECEF8CE14EC92CB0052A71E /* InfoPlist.strings */; };
		6ECEF8D214EC92CB0052A71E /* main.m in Sources */ = {isa = PBXBuildFile; fileRef = 6ECEF8D114EC92CB0052A71E /* main.m */; };
		6ECEF8D614EC92CC0052A71E /* GSAAppDelegate.m in Sources */ = {isa = PBXBuildFile; fileRef = 6ECEF8D514EC92CC0052A71E /* GSAAppDelegate.m */; };
		6ECEF8D914EC92CC0052A71E /* MainStoryboard_iPhone.storyboard in Resources */ = {isa = PBXBuildFile; fileRef = 6ECEF8D714EC92CC0052A71E /* MainStoryboard_iPhone.storyboard */; };
		6ECEF8DC14EC92CC0052A71E /* MainStoryboard_iPad.storyboard in Resources */ = {isa = PBXBuildFile; fileRef = 6ECEF8DA14EC92CC0052A71E /* MainStoryboard_iPad.storyboard */; };
		6ECEF8DF14EC92CC0052A71E /* GSAViewController.m in Sources */ = {isa = PBXBuildFile; fileRef = 6ECEF8DE14EC92CC0052A71E /* GSAViewController.m */; };
		6ECEF8E714EC92CC0052A71E /* SenTestingKit.framework in Frameworks */ = {isa = PBXBuildFile; fileRef = 6ECEF8E614EC92CC0052A71E /* SenTestingKit.framework */; };
		6ECEF8E814EC92CC0052A71E /* UIKit.framework in Frameworks */ = {isa = PBXBuildFile; fileRef = 6ECEF8C514EC92CB0052A71E /* UIKit.framework */; };
		6ECEF8E914EC92CC0052A71E /* Foundation.framework in Frameworks */ = {isa = PBXBuildFile; fileRef = 6ECEF8C714EC92CB0052A71E /* Foundation.framework */; };
		6ECEF8F114EC92CC0052A71E /* InfoPlist.strings in Resources */ = {isa = PBXBuildFile; fileRef = 6ECEF8EF14EC92CC0052A71E /* InfoPlist.strings */; };
		6ECEF8F414EC92CC0052A71E /* GSAAdvantageTests.m in Sources */ = {isa = PBXBuildFile; fileRef = 6ECEF8F314EC92CC0052A71E /* GSAAdvantageTests.m */; };
		6ECEF8FE14EC939B0052A71E /* gsa_logo.jpg in Resources */ = {isa = PBXBuildFile; fileRef = 6ECEF8FD14EC939B0052A71E /* gsa_logo.jpg */; };
		6EEEF1001507F9EE00F6A103 /* 06-magnify.png in Resources */ = {isa = PBXBuildFile; fileRef = 6EEEF0FE1507F9EE00F6A103 /* 06-magnify.png */; };
		6EEEF1011507F9EE00F6A103 /* 80-shopping-cart.png in Resources */ = {isa = PBXBuildFile; fileRef = 6EEEF0FF1507F9EE00F6A103 /* 80-shopping-cart.png */; };
		6EEEF1061508077B00F6A103 /* gsa_logo_enhanced.jpg in Resources */ = {isa = PBXBuildFile; fileRef = 6EEEF1051508077B00F6A103 /* gsa_logo_enhanced.jpg */; };
		6EF2134614FBCC0E00B60328 /* SearchResultsSummaryItemViewController.m in Sources */ = {isa = PBXBuildFile; fileRef = 6EF2134514FBCC0E00B60328 /* SearchResultsSummaryItemViewController.m */; };
/* End PBXBuildFile section */

/* Begin PBXContainerItemProxy section */
		6ECEF8EA14EC92CC0052A71E /* PBXContainerItemProxy */ = {
			isa = PBXContainerItemProxy;
			containerPortal = 6ECEF8B814EC92CB0052A71E /* Project object */;
			proxyType = 1;
			remoteGlobalIDString = 6ECEF8C014EC92CB0052A71E;
			remoteInfo = GSAAdvantage;
		};
/* End PBXContainerItemProxy section */

/* Begin PBXFileReference section */
		6E4DE1DF14FBA7DA00C6D18B /* SearchResultsSummaryItem.h */ = {isa = PBXFileReference; fileEncoding = 4; lastKnownFileType = sourcecode.c.h; path = SearchResultsSummaryItem.h; sourceTree = "<group>"; };
		6E4DE1E014FBA7DA00C6D18B /* SearchResultsSummaryItem.m */ = {isa = PBXFileReference; fileEncoding = 4; lastKnownFileType = sourcecode.c.objc; path = SearchResultsSummaryItem.m; sourceTree = "<group>"; };
		6E4DE1E314FBAA9700C6D18B /* SearchResultsSummaryDataController.h */ = {isa = PBXFileReference; fileEncoding = 4; lastKnownFileType = sourcecode.c.h; path = SearchResultsSummaryDataController.h; sourceTree = "<group>"; };
		6E4DE1E414FBAA9700C6D18B /* SearchResultsSummaryDataController.m */ = {isa = PBXFileReference; fileEncoding = 4; lastKnownFileType = sourcecode.c.objc; path = SearchResultsSummaryDataController.m; sourceTree = "<group>"; };
		6E6AF407150A6EF800F59431 /* 104-index-cards.png */ = {isa = PBXFileReference; lastKnownFileType = image.png; path = "104-index-cards.png"; sourceTree = "<group>"; };
		6E6AF409150A70B300F59431 /* 02-redo.png */ = {isa = PBXFileReference; lastKnownFileType = image.png; path = "02-redo.png"; sourceTree = "<group>"; };
		6E6AF40B150A70BE00F59431 /* 33-cabinet.png */ = {isa = PBXFileReference; lastKnownFileType = image.png; path = "33-cabinet.png"; sourceTree = "<group>"; };
		6E6C492B150F948F0010FAC2 /* searchbg.png */ = {isa = PBXFileReference; lastKnownFileType = image.png; path = searchbg.png; sourceTree = "<group>"; };
		6E7510A4150AA5DA009312A5 /* 593US58.jpg */ = {isa = PBXFileReference; lastKnownFileType = image.jpeg; path = 593US58.jpg; sourceTree = "<group>"; };
		6E7510A6150AA5ED009312A5 /* product_detail.jpg */ = {isa = PBXFileReference; lastKnownFileType = image.jpeg; path = product_detail.jpg; sourceTree = "<group>"; };
		6E7510A8150AA684009312A5 /* BOSB2200BK11.jpg */ = {isa = PBXFileReference; lastKnownFileType = image.jpeg; path = BOSB2200BK11.jpg; sourceTree = "<group>"; };
		6EC3EFDE15046171007B383A /* DetailViewController.h */ = {isa = PBXFileReference; fileEncoding = 4; lastKnownFileType = sourcecode.c.h; path = DetailViewController.h; sourceTree = "<group>"; };
		6EC3EFDF15046171007B383A /* DetailViewController.m */ = {isa = PBXFileReference; fileEncoding = 4; lastKnownFileType = sourcecode.c.objc; path = DetailViewController.m; sourceTree = "<group>"; };
		6EC3EFE21504EAB6007B383A /* VendorForItem.h */ = {isa = PBXFileReference; fileEncoding = 4; lastKnownFileType = sourcecode.c.h; path = VendorForItem.h; sourceTree = "<group>"; };
		6EC3EFE31504EAB6007B383A /* VendorForItem.m */ = {isa = PBXFileReference; fileEncoding = 4; lastKnownFileType = sourcecode.c.objc; path = VendorForItem.m; sourceTree = "<group>"; };
		6EC3EFE515050788007B383A /* ItemDetails.h */ = {isa = PBXFileReference; fileEncoding = 4; lastKnownFileType = sourcecode.c.h; path = ItemDetails.h; sourceTree = "<group>"; };
		6EC3EFE615050788007B383A /* ItemDetails.m */ = {isa = PBXFileReference; fileEncoding = 4; lastKnownFileType = sourcecode.c.objc; path = ItemDetails.m; sourceTree = "<group>"; };
		6EC3EFE815063654007B383A /* ItemDetailsDataController.h */ = {isa = PBXFileReference; fileEncoding = 4; lastKnownFileType = sourcecode.c.h; path = ItemDetailsDataController.h; sourceTree = "<group>"; };
		6EC3EFE915063654007B383A /* ItemDetailsDataController.m */ = {isa = PBXFileReference; fileEncoding = 4; lastKnownFileType = sourcecode.c.objc; path = ItemDetailsDataController.m; sourceTree = "<group>"; };
		6EC3EFEB1506471F007B383A /* ProductDetail.xml */ = {isa = PBXFileReference; fileEncoding = 4; lastKnownFileType = text.xml; path = ProductDetail.xml; sourceTree = "<group>"; };
		6ECEF8C114EC92CB0052A71E /* GSAAdvantage.app */ = {isa = PBXFileReference; explicitFileType = wrapper.application; includeInIndex = 0; path = GSAAdvantage.app; sourceTree = BUILT_PRODUCTS_DIR; };
		6ECEF8C514EC92CB0052A71E /* UIKit.framework */ = {isa = PBXFileReference; lastKnownFileType = wrapper.framework; name = UIKit.framework; path = System/Library/Frameworks/UIKit.framework; sourceTree = SDKROOT; };
		6ECEF8C714EC92CB0052A71E /* Foundation.framework */ = {isa = PBXFileReference; lastKnownFileType = wrapper.framework; name = Foundation.framework; path = System/Library/Frameworks/Foundation.framework; sourceTree = SDKROOT; };
		6ECEF8C914EC92CB0052A71E /* CoreGraphics.framework */ = {isa = PBXFileReference; lastKnownFileType = wrapper.framework; name = CoreGraphics.framework; path = System/Library/Frameworks/CoreGraphics.framework; sourceTree = SDKROOT; };
		6ECEF8CD14EC92CB0052A71E /* GSAAdvantage-Info.plist */ = {isa = PBXFileReference; lastKnownFileType = text.plist.xml; path = "GSAAdvantage-Info.plist"; sourceTree = "<group>"; };
		6ECEF8CF14EC92CB0052A71E /* en */ = {isa = PBXFileReference; lastKnownFileType = text.plist.strings; name = en; path = en.lproj/InfoPlist.strings; sourceTree = "<group>"; };
		6ECEF8D114EC92CB0052A71E /* main.m */ = {isa = PBXFileReference; lastKnownFileType = sourcecode.c.objc; path = main.m; sourceTree = "<group>"; };
		6ECEF8D314EC92CB0052A71E /* GSAAdvantage-Prefix.pch */ = {isa = PBXFileReference; lastKnownFileType = sourcecode.c.h; path = "GSAAdvantage-Prefix.pch"; sourceTree = "<group>"; };
		6ECEF8D414EC92CC0052A71E /* GSAAppDelegate.h */ = {isa = PBXFileReference; lastKnownFileType = sourcecode.c.h; path = GSAAppDelegate.h; sourceTree = "<group>"; };
		6ECEF8D514EC92CC0052A71E /* GSAAppDelegate.m */ = {isa = PBXFileReference; lastKnownFileType = sourcecode.c.objc; path = GSAAppDelegate.m; sourceTree = "<group>"; };
		6ECEF8D814EC92CC0052A71E /* en */ = {isa = PBXFileReference; lastKnownFileType = file.storyboard; name = en; path = en.lproj/MainStoryboard_iPhone.storyboard; sourceTree = "<group>"; };
		6ECEF8DB14EC92CC0052A71E /* en */ = {isa = PBXFileReference; lastKnownFileType = file.storyboard; name = en; path = en.lproj/MainStoryboard_iPad.storyboard; sourceTree = "<group>"; };
		6ECEF8DD14EC92CC0052A71E /* GSAViewController.h */ = {isa = PBXFileReference; lastKnownFileType = sourcecode.c.h; path = GSAViewController.h; sourceTree = "<group>"; };
		6ECEF8DE14EC92CC0052A71E /* GSAViewController.m */ = {isa = PBXFileReference; lastKnownFileType = sourcecode.c.objc; path = GSAViewController.m; sourceTree = "<group>"; };
		6ECEF8E514EC92CC0052A71E /* GSAAdvantageTests.octest */ = {isa = PBXFileReference; explicitFileType = wrapper.cfbundle; includeInIndex = 0; path = GSAAdvantageTests.octest; sourceTree = BUILT_PRODUCTS_DIR; };
		6ECEF8E614EC92CC0052A71E /* SenTestingKit.framework */ = {isa = PBXFileReference; lastKnownFileType = wrapper.framework; name = SenTestingKit.framework; path = Library/Frameworks/SenTestingKit.framework; sourceTree = DEVELOPER_DIR; };
		6ECEF8EE14EC92CC0052A71E /* GSAAdvantageTests-Info.plist */ = {isa = PBXFileReference; lastKnownFileType = text.plist.xml; path = "GSAAdvantageTests-Info.plist"; sourceTree = "<group>"; };
		6ECEF8F014EC92CC0052A71E /* en */ = {isa = PBXFileReference; lastKnownFileType = text.plist.strings; name = en; path = en.lproj/InfoPlist.strings; sourceTree = "<group>"; };
		6ECEF8F214EC92CC0052A71E /* GSAAdvantageTests.h */ = {isa = PBXFileReference; lastKnownFileType = sourcecode.c.h; path = GSAAdvantageTests.h; sourceTree = "<group>"; };
		6ECEF8F314EC92CC0052A71E /* GSAAdvantageTests.m */ = {isa = PBXFileReference; lastKnownFileType = sourcecode.c.objc; path = GSAAdvantageTests.m; sourceTree = "<group>"; };
		6ECEF8FD14EC939B0052A71E /* gsa_logo.jpg */ = {isa = PBXFileReference; lastKnownFileType = image.jpeg; name = gsa_logo.jpg; path = ../../../Downloads/gsa_logo.jpg; sourceTree = "<group>"; };
		6EEEF0FE1507F9EE00F6A103 /* 06-magnify.png */ = {isa = PBXFileReference; lastKnownFileType = image.png; path = "06-magnify.png"; sourceTree = "<group>"; };
		6EEEF0FF1507F9EE00F6A103 /* 80-shopping-cart.png */ = {isa = PBXFileReference; lastKnownFileType = image.png; path = "80-shopping-cart.png"; sourceTree = "<group>"; };
		6EEEF1051508077B00F6A103 /* gsa_logo_enhanced.jpg */ = {isa = PBXFileReference; lastKnownFileType = image.jpeg; name = gsa_logo_enhanced.jpg; path = ../gsa_logo_enhanced.jpg; sourceTree = "<group>"; };
		6EF2134414FBCC0E00B60328 /* SearchResultsSummaryItemViewController.h */ = {isa = PBXFileReference; fileEncoding = 4; lastKnownFileType = sourcecode.c.h; path = SearchResultsSummaryItemViewController.h; sourceTree = "<group>"; };
		6EF2134514FBCC0E00B60328 /* SearchResultsSummaryItemViewController.m */ = {isa = PBXFileReference; fileEncoding = 4; lastKnownFileType = sourcecode.c.objc; path = SearchResultsSummaryItemViewController.m; sourceTree = "<group>"; };
/* End PBXFileReference section */

/* Begin PBXFrameworksBuildPhase section */
		6ECEF8BE14EC92CB0052A71E /* Frameworks */ = {
			isa = PBXFrameworksBuildPhase;
			buildActionMask = 2147483647;
			files = (
				6ECEF8C614EC92CB0052A71E /* UIKit.framework in Frameworks */,
				6ECEF8C814EC92CB0052A71E /* Foundation.framework in Frameworks */,
				6ECEF8CA14EC92CB0052A71E /* CoreGraphics.framework in Frameworks */,
			);
			runOnlyForDeploymentPostprocessing = 0;
		};
		6ECEF8E114EC92CC0052A71E /* Frameworks */ = {
			isa = PBXFrameworksBuildPhase;
			buildActionMask = 2147483647;
			files = (
				6ECEF8E714EC92CC0052A71E /* SenTestingKit.framework in Frameworks */,
				6ECEF8E814EC92CC0052A71E /* UIKit.framework in Frameworks */,
				6ECEF8E914EC92CC0052A71E /* Foundation.framework in Frameworks */,
			);
			runOnlyForDeploymentPostprocessing = 0;
		};
/* End PBXFrameworksBuildPhase section */

/* Begin PBXGroup section */
		6E7510A2150AA514009312A5 /* dummyImages */ = {
			isa = PBXGroup;
			children = (
				6E6C492B150F948F0010FAC2 /* searchbg.png */,
				6E7510A8150AA684009312A5 /* BOSB2200BK11.jpg */,
				6E7510A6150AA5ED009312A5 /* product_detail.jpg */,
				6E7510A4150AA5DA009312A5 /* 593US58.jpg */,
			);
			name = dummyImages;
			sourceTree = "<group>";
		};
		6ECEF8B614EC92CB0052A71E = {
			isa = PBXGroup;
			children = (
				6ECEF8CB14EC92CB0052A71E /* GSAAdvantage */,
				6ECEF8EC14EC92CC0052A71E /* GSAAdvantageTests */,
				6ECEF8C414EC92CB0052A71E /* Frameworks */,
				6ECEF8C214EC92CB0052A71E /* Products */,
			);
			sourceTree = "<group>";
		};
		6ECEF8C214EC92CB0052A71E /* Products */ = {
			isa = PBXGroup;
			children = (
				6ECEF8C114EC92CB0052A71E /* GSAAdvantage.app */,
				6ECEF8E514EC92CC0052A71E /* GSAAdvantageTests.octest */,
			);
			name = Products;
			sourceTree = "<group>";
		};
		6ECEF8C414EC92CB0052A71E /* Frameworks */ = {
			isa = PBXGroup;
			children = (
				6ECEF8C514EC92CB0052A71E /* UIKit.framework */,
				6ECEF8C714EC92CB0052A71E /* Foundation.framework */,
				6ECEF8C914EC92CB0052A71E /* CoreGraphics.framework */,
				6ECEF8E614EC92CC0052A71E /* SenTestingKit.framework */,
			);
			name = Frameworks;
			sourceTree = "<group>";
		};
		6ECEF8CB14EC92CB0052A71E /* GSAAdvantage */ = {
			isa = PBXGroup;
			children = (
				6E7510A2150AA514009312A5 /* dummyImages */,
				6EEEF1051508077B00F6A103 /* gsa_logo_enhanced.jpg */,
				6E4DE1DF14FBA7DA00C6D18B /* SearchResultsSummaryItem.h */,
				6E4DE1E014FBA7DA00C6D18B /* SearchResultsSummaryItem.m */,
				6E4DE1E314FBAA9700C6D18B /* SearchResultsSummaryDataController.h */,
				6E4DE1E414FBAA9700C6D18B /* SearchResultsSummaryDataController.m */,
				6EC3EFE815063654007B383A /* ItemDetailsDataController.h */,
				6EC3EFE915063654007B383A /* ItemDetailsDataController.m */,
				6ECEF8D414EC92CC0052A71E /* GSAAppDelegate.h */,
				6ECEF8D514EC92CC0052A71E /* GSAAppDelegate.m */,
				6ECEF8D714EC92CC0052A71E /* MainStoryboard_iPhone.storyboard */,
				6E6AF40B150A70BE00F59431 /* 33-cabinet.png */,
				6E6AF409150A70B300F59431 /* 02-redo.png */,
				6E6AF407150A6EF800F59431 /* 104-index-cards.png */,
				6ECEF8DA14EC92CC0052A71E /* MainStoryboard_iPad.storyboard */,
				6ECEF8DD14EC92CC0052A71E /* GSAViewController.h */,
				6ECEF8DE14EC92CC0052A71E /* GSAViewController.m */,
				6ECEF8CC14EC92CB0052A71E /* Supporting Files */,
				6EF2134414FBCC0E00B60328 /* SearchResultsSummaryItemViewController.h */,
				6EF2134514FBCC0E00B60328 /* SearchResultsSummaryItemViewController.m */,
				6EC3EFE21504EAB6007B383A /* VendorForItem.h */,
				6EC3EFDE15046171007B383A /* DetailViewController.h */,
				6EC3EFDF15046171007B383A /* DetailViewController.m */,
				6EC3EFE31504EAB6007B383A /* VendorForItem.m */,
				6EC3EFE515050788007B383A /* ItemDetails.h */,
				6EC3EFE615050788007B383A /* ItemDetails.m */,
				6EC3EFEB1506471F007B383A /* ProductDetail.xml */,
				6EEEF0FE1507F9EE00F6A103 /* 06-magnify.png */,
				6EEEF0FF1507F9EE00F6A103 /* 80-shopping-cart.png */,
			);
			path = GSAAdvantage;
			sourceTree = "<group>";
		};
		6ECEF8CC14EC92CB0052A71E /* Supporting Files */ = {
			isa = PBXGroup;
			children = (
				6ECEF8FD14EC939B0052A71E /* gsa_logo.jpg */,
				6ECEF8CD14EC92CB0052A71E /* GSAAdvantage-Info.plist */,
				6ECEF8CE14EC92CB0052A71E /* InfoPlist.strings */,
				6ECEF8D114EC92CB0052A71E /* main.m */,
				6ECEF8D314EC92CB0052A71E /* GSAAdvantage-Prefix.pch */,
			);
			name = "Supporting Files";
			sourceTree = "<group>";
		};
		6ECEF8EC14EC92CC0052A71E /* GSAAdvantageTests */ = {
			isa = PBXGroup;
			children = (
				6ECEF8F214EC92CC0052A71E /* GSAAdvantageTests.h */,
				6ECEF8F314EC92CC0052A71E /* GSAAdvantageTests.m */,
				6ECEF8ED14EC92CC0052A71E /* Supporting Files */,
			);
			path = GSAAdvantageTests;
			sourceTree = "<group>";
		};
		6ECEF8ED14EC92CC0052A71E /* Supporting Files */ = {
			isa = PBXGroup;
			children = (
				6ECEF8EE14EC92CC0052A71E /* GSAAdvantageTests-Info.plist */,
				6ECEF8EF14EC92CC0052A71E /* InfoPlist.strings */,
			);
			name = "Supporting Files";
			sourceTree = "<group>";
		};
/* End PBXGroup section */

/* Begin PBXNativeTarget section */
		6ECEF8C014EC92CB0052A71E /* GSAAdvantage */ = {
			isa = PBXNativeTarget;
			buildConfigurationList = 6ECEF8F714EC92CC0052A71E /* Build configuration list for PBXNativeTarget "GSAAdvantage" */;
			buildPhases = (
				6ECEF8BD14EC92CB0052A71E /* Sources */,
				6ECEF8BE14EC92CB0052A71E /* Frameworks */,
				6ECEF8BF14EC92CB0052A71E /* Resources */,
			);
			buildRules = (
			);
			dependencies = (
			);
			name = GSAAdvantage;
			productName = GSAAdvantage;
			productReference = 6ECEF8C114EC92CB0052A71E /* GSAAdvantage.app */;
			productType = "com.apple.product-type.application";
		};
		6ECEF8E414EC92CC0052A71E /* GSAAdvantageTests */ = {
			isa = PBXNativeTarget;
			buildConfigurationList = 6ECEF8FA14EC92CC0052A71E /* Build configuration list for PBXNativeTarget "GSAAdvantageTests" */;
			buildPhases = (
				6ECEF8E014EC92CC0052A71E /* Sources */,
				6ECEF8E114EC92CC0052A71E /* Frameworks */,
				6ECEF8E214EC92CC0052A71E /* Resources */,
				6ECEF8E314EC92CC0052A71E /* ShellScript */,
			);
			buildRules = (
			);
			dependencies = (
				6ECEF8EB14EC92CC0052A71E /* PBXTargetDependency */,
			);
			name = GSAAdvantageTests;
			productName = GSAAdvantageTests;
			productReference = 6ECEF8E514EC92CC0052A71E /* GSAAdvantageTests.octest */;
			productType = "com.apple.product-type.bundle";
		};
/* End PBXNativeTarget section */

/* Begin PBXProject section */
		6ECEF8B814EC92CB0052A71E /* Project object */ = {
			isa = PBXProject;
			attributes = {
				LastUpgradeCheck = 0430;
				ORGANIZATIONNAME = "SoftExcel Technologies Inc.,";
			};
			buildConfigurationList = 6ECEF8BB14EC92CB0052A71E /* Build configuration list for PBXProject "GSAAdvantage" */;
			compatibilityVersion = "Xcode 3.2";
			developmentRegion = English;
			hasScannedForEncodings = 0;
			knownRegions = (
				en,
			);
			mainGroup = 6ECEF8B614EC92CB0052A71E;
			productRefGroup = 6ECEF8C214EC92CB0052A71E /* Products */;
			projectDirPath = "";
			projectRoot = "";
			targets = (
				6ECEF8C014EC92CB0052A71E /* GSAAdvantage */,
				6ECEF8E414EC92CC0052A71E /* GSAAdvantageTests */,
			);
		};
/* End PBXProject section */

/* Begin PBXResourcesBuildPhase section */
		6ECEF8BF14EC92CB0052A71E /* Resources */ = {
			isa = PBXResourcesBuildPhase;
			buildActionMask = 2147483647;
			files = (
				6ECEF8D014EC92CB0052A71E /* InfoPlist.strings in Resources */,
				6ECEF8D914EC92CC0052A71E /* MainStoryboard_iPhone.storyboard in Resources */,
				6ECEF8DC14EC92CC0052A71E /* MainStoryboard_iPad.storyboard in Resources */,
				6ECEF8FE14EC939B0052A71E /* gsa_logo.jpg in Resources */,
				6EC3EFEC1506471F007B383A /* ProductDetail.xml in Resources */,
				6EEEF1001507F9EE00F6A103 /* 06-magnify.png in Resources */,
				6EEEF1011507F9EE00F6A103 /* 80-shopping-cart.png in Resources */,
				6EEEF1061508077B00F6A103 /* gsa_logo_enhanced.jpg in Resources */,
				6E6AF408150A6EF800F59431 /* 104-index-cards.png in Resources */,
				6E6AF40A150A70B300F59431 /* 02-redo.png in Resources */,
				6E6AF40C150A70BE00F59431 /* 33-cabinet.png in Resources */,
				6E7510A5150AA5DA009312A5 /* 593US58.jpg in Resources */,
				6E7510A7150AA5ED009312A5 /* product_detail.jpg in Resources */,
				6E7510A9150AA684009312A5 /* BOSB2200BK11.jpg in Resources */,
				6E6C492C150F948F0010FAC2 /* searchbg.png in Resources */,
			);
			runOnlyForDeploymentPostprocessing = 0;
		};
		6ECEF8E214EC92CC0052A71E /* Resources */ = {
			isa = PBXResourcesBuildPhase;
			buildActionMask = 2147483647;
			files = (
				6ECEF8F114EC92CC0052A71E /* InfoPlist.strings in Resources */,
			);
			runOnlyForDeploymentPostprocessing = 0;
		};
/* End PBXResourcesBuildPhase section */

/* Begin PBXShellScriptBuildPhase section */
		6ECEF8E314EC92CC0052A71E /* ShellScript */ = {
			isa = PBXShellScriptBuildPhase;
			buildActionMask = 2147483647;
			files = (
			);
			inputPaths = (
			);
			outputPaths = (
			);
			runOnlyForDeploymentPostprocessing = 0;
			shellPath = /bin/sh;
			shellScript = "# Run the unit tests in this test bundle.\n\"${SYSTEM_DEVELOPER_DIR}/Tools/RunUnitTests\"\n";
		};
/* End PBXShellScriptBuildPhase section */

/* Begin PBXSourcesBuildPhase section */
		6ECEF8BD14EC92CB0052A71E /* Sources */ = {
			isa = PBXSourcesBuildPhase;
			buildActionMask = 2147483647;
			files = (
				6ECEF8D214EC92CB0052A71E /* main.m in Sources */,
				6ECEF8D614EC92CC0052A71E /* GSAAppDelegate.m in Sources */,
				6ECEF8DF14EC92CC0052A71E /* GSAViewController.m in Sources */,
				6E4DE1E114FBA7DA00C6D18B /* SearchResultsSummaryItem.m in Sources */,
				6E4DE1E514FBAA9700C6D18B /* SearchResultsSummaryDataController.m in Sources */,
				6EF2134614FBCC0E00B60328 /* SearchResultsSummaryItemViewController.m in Sources */,
				6EC3EFE015046171007B383A /* DetailViewController.m in Sources */,
				6EC3EFE41504EAB6007B383A /* VendorForItem.m in Sources */,
				6EC3EFE715050788007B383A /* ItemDetails.m in Sources */,
				6EC3EFEA15063655007B383A /* ItemDetailsDataController.m in Sources */,
			);
			runOnlyForDeploymentPostprocessing = 0;
		};
		6ECEF8E014EC92CC0052A71E /* Sources */ = {
			isa = PBXSourcesBuildPhase;
			buildActionMask = 2147483647;
			files = (
				6ECEF8F414EC92CC0052A71E /* GSAAdvantageTests.m in Sources */,
			);
			runOnlyForDeploymentPostprocessing = 0;
		};
/* End PBXSourcesBuildPhase section */

/* Begin PBXTargetDependency section */
		6ECEF8EB14EC92CC0052A71E /* PBXTargetDependency */ = {
			isa = PBXTargetDependency;
			target = 6ECEF8C014EC92CB0052A71E /* GSAAdvantage */;
			targetProxy = 6ECEF8EA14EC92CC0052A71E /* PBXContainerItemProxy */;
		};
/* End PBXTargetDependency section */

/* Begin PBXVariantGroup section */
		6ECEF8CE14EC92CB0052A71E /* InfoPlist.strings */ = {
			isa = PBXVariantGroup;
			children = (
				6ECEF8CF14EC92CB0052A71E /* en */,
			);
			name = InfoPlist.strings;
			sourceTree = "<group>";
		};
		6ECEF8D714EC92CC0052A71E /* MainStoryboard_iPhone.storyboard */ = {
			isa = PBXVariantGroup;
			children = (
				6ECEF8D814EC92CC0052A71E /* en */,
			);
			name = MainStoryboard_iPhone.storyboard;
			sourceTree = "<group>";
		};
		6ECEF8DA14EC92CC0052A71E /* MainStoryboard_iPad.storyboard */ = {
			isa = PBXVariantGroup;
			children = (
				6ECEF8DB14EC92CC0052A71E /* en */,
			);
			name = MainStoryboard_iPad.storyboard;
			sourceTree = "<group>";
		};
		6ECEF8EF14EC92CC0052A71E /* InfoPlist.strings */ = {
			isa = PBXVariantGroup;
			children = (
				6ECEF8F014EC92CC0052A71E /* en */,
			);
			name = InfoPlist.strings;
			sourceTree = "<group>";
		};
/* End PBXVariantGroup section */

/* Begin XCBuildConfiguration section */
		6ECEF8F514EC92CC0052A71E /* Debug */ = {
			isa = XCBuildConfiguration;
			buildSettings = {
				ALWAYS_SEARCH_USER_PATHS = NO;
				ARCHS = "$(ARCHS_STANDARD_32_BIT)";
				CLANG_ENABLE_OBJC_ARC = YES;
				"CODE_SIGN_IDENTITY[sdk=iphoneos*]" = "iPhone Developer";
				COPY_PHASE_STRIP = NO;
				GCC_C_LANGUAGE_STANDARD = gnu99;
				GCC_DYNAMIC_NO_PIC = NO;
				GCC_OPTIMIZATION_LEVEL = 0;
				GCC_PREPROCESSOR_DEFINITIONS = (
					"DEBUG=1",
					"$(inherited)",
				);
				GCC_SYMBOLS_PRIVATE_EXTERN = NO;
				GCC_VERSION = com.apple.compilers.llvm.clang.1_0;
				GCC_WARN_ABOUT_MISSING_PROTOTYPES = YES;
				GCC_WARN_ABOUT_RETURN_TYPE = YES;
				GCC_WARN_UNUSED_VARIABLE = YES;
				IPHONEOS_DEPLOYMENT_TARGET = 5.0;
				SDKROOT = iphoneos;
				TARGETED_DEVICE_FAMILY = "1,2";
			};
			name = Debug;
		};
		6ECEF8F614EC92CC0052A71E /* Release */ = {
			isa = XCBuildConfiguration;
			buildSettings = {
				ALWAYS_SEARCH_USER_PATHS = NO;
				ARCHS = "$(ARCHS_STANDARD_32_BIT)";
				CLANG_ENABLE_OBJC_ARC = YES;
				"CODE_SIGN_IDENTITY[sdk=iphoneos*]" = "iPhone Developer";
				COPY_PHASE_STRIP = YES;
				GCC_C_LANGUAGE_STANDARD = gnu99;
				GCC_VERSION = com.apple.compilers.llvm.clang.1_0;
				GCC_WARN_ABOUT_MISSING_PROTOTYPES = YES;
				GCC_WARN_ABOUT_RETURN_TYPE = YES;
				GCC_WARN_UNUSED_VARIABLE = YES;
				IPHONEOS_DEPLOYMENT_TARGET = 5.0;
				OTHER_CFLAGS = "-DNS_BLOCK_ASSERTIONS=1";
				SDKROOT = iphoneos;
				TARGETED_DEVICE_FAMILY = "1,2";
				VALIDATE_PRODUCT = YES;
			};
			name = Release;
		};
		6ECEF8F814EC92CC0052A71E /* Debug */ = {
			isa = XCBuildConfiguration;
			buildSettings = {
				GCC_PRECOMPILE_PREFIX_HEADER = YES;
				GCC_PREFIX_HEADER = "GSAAdvantage/GSAAdvantage-Prefix.pch";
				INFOPLIST_FILE = "GSAAdvantage/GSAAdvantage-Info.plist";
				PRODUCT_NAME = "$(TARGET_NAME)";
				WRAPPER_EXTENSION = app;
			};
			name = Debug;
		};
		6ECEF8F914EC92CC0052A71E /* Release */ = {
			isa = XCBuildConfiguration;
			buildSettings = {
				GCC_PRECOMPILE_PREFIX_HEADER = YES;
				GCC_PREFIX_HEADER = "GSAAdvantage/GSAAdvantage-Prefix.pch";
				INFOPLIST_FILE = "GSAAdvantage/GSAAdvantage-Info.plist";
				PRODUCT_NAME = "$(TARGET_NAME)";
				WRAPPER_EXTENSION = app;
			};
			name = Release;
		};
		6ECEF8FB14EC92CC0052A71E /* Debug */ = {
			isa = XCBuildConfiguration;
			buildSettings = {
				BUNDLE_LOADER = "$(BUILT_PRODUCTS_DIR)/GSAAdvantage.app/GSAAdvantage";
				FRAMEWORK_SEARCH_PATHS = (
					"$(SDKROOT)/Developer/Library/Frameworks",
					"$(DEVELOPER_LIBRARY_DIR)/Frameworks",
				);
				GCC_PRECOMPILE_PREFIX_HEADER = YES;
				GCC_PREFIX_HEADER = "GSAAdvantage/GSAAdvantage-Prefix.pch";
				INFOPLIST_FILE = "GSAAdvantageTests/GSAAdvantageTests-Info.plist";
				PRODUCT_NAME = "$(TARGET_NAME)";
				TEST_HOST = "$(BUNDLE_LOADER)";
				WRAPPER_EXTENSION = octest;
			};
			name = Debug;
		};
		6ECEF8FC14EC92CC0052A71E /* Release */ = {
			isa = XCBuildConfiguration;
			buildSettings = {
				BUNDLE_LOADER = "$(BUILT_PRODUCTS_DIR)/GSAAdvantage.app/GSAAdvantage";
				FRAMEWORK_SEARCH_PATHS = (
					"$(SDKROOT)/Developer/Library/Frameworks",
					"$(DEVELOPER_LIBRARY_DIR)/Frameworks",
				);
				GCC_PRECOMPILE_PREFIX_HEADER = YES;
				GCC_PREFIX_HEADER = "GSAAdvantage/GSAAdvantage-Prefix.pch";
				INFOPLIST_FILE = "GSAAdvantageTests/GSAAdvantageTests-Info.plist";
				PRODUCT_NAME = "$(TARGET_NAME)";
				TEST_HOST = "$(BUNDLE_LOADER)";
				WRAPPER_EXTENSION = octest;
			};
			name = Release;
		};
/* End XCBuildConfiguration section */

/* Begin XCConfigurationList section */
		6ECEF8BB14EC92CB0052A71E /* Build configuration list for PBXProject "GSAAdvantage" */ = {
			isa = XCConfigurationList;
			buildConfigurations = (
				6ECEF8F514EC92CC0052A71E /* Debug */,
				6ECEF8F614EC92CC0052A71E /* Release */,
			);
			defaultConfigurationIsVisible = 0;
			defaultConfigurationName = Release;
		};
		6ECEF8F714EC92CC0052A71E /* Build configuration list for PBXNativeTarget "GSAAdvantage" */ = {
			isa = XCConfigurationList;
			buildConfigurations = (
				6ECEF8F814EC92CC0052A71E /* Debug */,
				6ECEF8F914EC92CC0052A71E /* Release */,
			);
			defaultConfigurationIsVisible = 0;
			defaultConfigurationName = Release;
		};
		6ECEF8FA14EC92CC0052A71E /* Build configuration list for PBXNativeTarget "GSAAdvantageTests" */ = {
			isa = XCConfigurationList;
			buildConfigurations = (
				6ECEF8FB14EC92CC0052A71E /* Debug */,
				6ECEF8FC14EC92CC0052A71E /* Release */,
			);
			defaultConfigurationIsVisible = 0;
			defaultConfigurationName = Release;
		};
/* End XCConfigurationList section */
	};
	rootObject = 6ECEF8B814EC92CB0052A71E /* Project object */;
}
